
Microsoft Visual Studio Solution File, Format Version 12.00
# Visual Studio Version 17
VisualStudioVersion = 17.6.33829.357
MinimumVisualStudioVersion = 10.0.40219.1
Project("{FAE04EC0-301F-11D3-BF4B-00C04F79EFBC}") = "DTO", "DTO\DTO.csproj", "{8F368394-8EE3-40EE-93C1-AE947B6A618B}"
EndProject
Global
	GlobalSection(SolutionConfigurationPlatforms) = preSolution
		Debug|Any CPU = Debug|Any CPU
		Release|Any CPU = Release|Any CPU
	EndGlobalSection
	GlobalSection(ProjectConfigurationPlatforms) = postSolution
		{8F368394-8EE3-40EE-93C1-AE947B6A618B}.Debug|Any CPU.ActiveCfg = Debug|Any CPU
		{8F368394-8EE3-40EE-93C1-AE947B6A618B}.Debug|Any CPU.Build.0 = Debug|Any CPU
		{8F368394-8EE3-40EE-93C1-AE947B6A618B}.Release|Any CPU.ActiveCfg = Release|Any CPU
		{8F368394-8EE3-40EE-93C1-AE947B6A618B}.Release|Any CPU.Build.0 = Release|Any CPU
	EndGlobalSection
	GlobalSection(SolutionProperties) = preSolution
		HideSolutionNode = FALSE
	EndGlobalSection
	GlobalSection(ExtensibilityGlobals) = postSolution
		SolutionGuid = {C23D12C8-6918-49D8-95EB-C12AFA3D8AB6}
	EndGlobalSection
EndGlobal
